
Microsoft Visual Studio Solution File, Format Version 12.00
# Visual Studio Version 16
VisualStudioVersion = 16.0.31025.194
MinimumVisualStudioVersion = 10.0.40219.1
Project("{FAE04EC0-301F-11D3-BF4B-00C04F79EFBC}") = "AngularIconResizer", "AngularIconResizer.csproj", "{6EC2484E-05E5-48C8-BC3F-4FE1ABAD8A93}"
EndProject
Global
	GlobalSection(SolutionConfigurationPlatforms) = preSolution
		Debug|Any CPU = Debug|Any CPU
		Release|Any CPU = Release|Any CPU
	EndGlobalSection
	GlobalSection(ProjectConfigurationPlatforms) = postSolution
		{6EC2484E-05E5-48C8-BC3F-4FE1ABAD8A93}.Debug|Any CPU.ActiveCfg = Debug|Any CPU
		{6EC2484E-05E5-48C8-BC3F-4FE1ABAD8A93}.Debug|Any CPU.Build.0 = Debug|Any CPU
		{6EC2484E-05E5-48C8-BC3F-4FE1ABAD8A93}.Release|Any CPU.ActiveCfg = Release|Any CPU
		{6EC2484E-05E5-48C8-BC3F-4FE1ABAD8A93}.Release|Any CPU.Build.0 = Release|Any CPU
	EndGlobalSection
	GlobalSection(SolutionProperties) = preSolution
		HideSolutionNode = FALSE
	EndGlobalSection
	GlobalSection(ExtensibilityGlobals) = postSolution
		SolutionGuid = {F3850D36-C872-42A8-8FEA-EFFC2F9A14A9}
	EndGlobalSection
EndGlobal
